
Microsoft Visual Studio Solution File, Format Version 12.00
# Visual Studio Version 17
VisualStudioVersion = 17.7.34031.279
MinimumVisualStudioVersion = 10.0.40219.1
Project("{FAE04EC0-301F-11D3-BF4B-00C04F79EFBC}") = "HaylandMontalvo_ProyectoCF", "HaylandMontalvo_ProyectoCF.csproj", "{F4D55567-6D79-4038-B3D2-1D8B8A6BAC6D}"
EndProject
Global
	GlobalSection(SolutionConfigurationPlatforms) = preSolution
		Debug|Any CPU = Debug|Any CPU
		Release|Any CPU = Release|Any CPU
	EndGlobalSection
	GlobalSection(ProjectConfigurationPlatforms) = postSolution
		{F4D55567-6D79-4038-B3D2-1D8B8A6BAC6D}.Debug|Any CPU.ActiveCfg = Debug|Any CPU
		{F4D55567-6D79-4038-B3D2-1D8B8A6BAC6D}.Debug|Any CPU.Build.0 = Debug|Any CPU
		{F4D55567-6D79-4038-B3D2-1D8B8A6BAC6D}.Release|Any CPU.ActiveCfg = Release|Any CPU
		{F4D55567-6D79-4038-B3D2-1D8B8A6BAC6D}.Release|Any CPU.Build.0 = Release|Any CPU
	EndGlobalSection
	GlobalSection(SolutionProperties) = preSolution
		HideSolutionNode = FALSE
	EndGlobalSection
	GlobalSection(ExtensibilityGlobals) = postSolution
		SolutionGuid = {FAAD5B93-7A8C-4A83-9EF3-AA1A3C966DA5}
	EndGlobalSection
EndGlobal
